
Microsoft Visual Studio Solution File, Format Version 12.00
# Visual Studio Version 16
VisualStudioVersion = 16.0.30523.141
MinimumVisualStudioVersion = 10.0.40219.1
Project("{FAE04EC0-301F-11D3-BF4B-00C04F79EFBC}") = "Oltean_Andrei2_Lab2", "Oltean_Andrei2_Lab2.csproj", "{55B3B668-959C-4B8D-BDB9-8AFEE84B7870}"
EndProject
Global
	GlobalSection(SolutionConfigurationPlatforms) = preSolution
		Debug|Any CPU = Debug|Any CPU
		Release|Any CPU = Release|Any CPU
	EndGlobalSection
	GlobalSection(ProjectConfigurationPlatforms) = postSolution
		{55B3B668-959C-4B8D-BDB9-8AFEE84B7870}.Debug|Any CPU.ActiveCfg = Debug|Any CPU
		{55B3B668-959C-4B8D-BDB9-8AFEE84B7870}.Debug|Any CPU.Build.0 = Debug|Any CPU
		{55B3B668-959C-4B8D-BDB9-8AFEE84B7870}.Release|Any CPU.ActiveCfg = Release|Any CPU
		{55B3B668-959C-4B8D-BDB9-8AFEE84B7870}.Release|Any CPU.Build.0 = Release|Any CPU
	EndGlobalSection
	GlobalSection(SolutionProperties) = preSolution
		HideSolutionNode = FALSE
	EndGlobalSection
	GlobalSection(ExtensibilityGlobals) = postSolution
		SolutionGuid = {8845ADA5-1978-4FE3-BBA8-2E7E1C625DF0}
	EndGlobalSection
EndGlobal
